
Microsoft Visual Studio Solution File, Format Version 12.00
# Visual Studio Version 16
VisualStudioVersion = 16.0.30717.126
MinimumVisualStudioVersion = 10.0.40219.1
Project("{FAE04EC0-301F-11D3-BF4B-00C04F79EFBC}") = "Day18", "Day18.csproj", "{F7F94A03-0958-4E5B-917D-86E69907393F}"
EndProject
Global
	GlobalSection(SolutionConfigurationPlatforms) = preSolution
		Debug|Any CPU = Debug|Any CPU
		Release|Any CPU = Release|Any CPU
	EndGlobalSection
	GlobalSection(ProjectConfigurationPlatforms) = postSolution
		{F7F94A03-0958-4E5B-917D-86E69907393F}.Debug|Any CPU.ActiveCfg = Debug|Any CPU
		{F7F94A03-0958-4E5B-917D-86E69907393F}.Debug|Any CPU.Build.0 = Debug|Any CPU
		{F7F94A03-0958-4E5B-917D-86E69907393F}.Release|Any CPU.ActiveCfg = Release|Any CPU
		{F7F94A03-0958-4E5B-917D-86E69907393F}.Release|Any CPU.Build.0 = Release|Any CPU
	EndGlobalSection
	GlobalSection(SolutionProperties) = preSolution
		HideSolutionNode = FALSE
	EndGlobalSection
	GlobalSection(ExtensibilityGlobals) = postSolution
		SolutionGuid = {74F6A623-C16E-43A3-93DE-F67BC9EB4DF3}
	EndGlobalSection
EndGlobal
