
Microsoft Visual Studio Solution File, Format Version 12.00
# Visual Studio Version 16
VisualStudioVersion = 16.0.30717.126
MinimumVisualStudioVersion = 10.0.40219.1
Project("{FAE04EC0-301F-11D3-BF4B-00C04F79EFBC}") = "Day14", "Day14.csproj", "{D3C7D128-A42F-49EC-AF13-0FDC6C4EDF0D}"
EndProject
Global
	GlobalSection(SolutionConfigurationPlatforms) = preSolution
		Debug|Any CPU = Debug|Any CPU
		Release|Any CPU = Release|Any CPU
	EndGlobalSection
	GlobalSection(ProjectConfigurationPlatforms) = postSolution
		{D3C7D128-A42F-49EC-AF13-0FDC6C4EDF0D}.Debug|Any CPU.ActiveCfg = Debug|Any CPU
		{D3C7D128-A42F-49EC-AF13-0FDC6C4EDF0D}.Debug|Any CPU.Build.0 = Debug|Any CPU
		{D3C7D128-A42F-49EC-AF13-0FDC6C4EDF0D}.Release|Any CPU.ActiveCfg = Release|Any CPU
		{D3C7D128-A42F-49EC-AF13-0FDC6C4EDF0D}.Release|Any CPU.Build.0 = Release|Any CPU
	EndGlobalSection
	GlobalSection(SolutionProperties) = preSolution
		HideSolutionNode = FALSE
	EndGlobalSection
	GlobalSection(ExtensibilityGlobals) = postSolution
		SolutionGuid = {068EC42E-207C-41FE-8D01-4ACE1F65CBDB}
	EndGlobalSection
EndGlobal
