
Microsoft Visual Studio Solution File, Format Version 12.00
# Visual Studio Version 16
VisualStudioVersion = 16.0.30717.126
MinimumVisualStudioVersion = 10.0.40219.1
Project("{FAE04EC0-301F-11D3-BF4B-00C04F79EFBC}") = "Day10", "Day10.csproj", "{D245E1B3-648C-45A3-918A-73BCD1F04FBC}"
EndProject
Global
	GlobalSection(SolutionConfigurationPlatforms) = preSolution
		Debug|Any CPU = Debug|Any CPU
		Release|Any CPU = Release|Any CPU
	EndGlobalSection
	GlobalSection(ProjectConfigurationPlatforms) = postSolution
		{D245E1B3-648C-45A3-918A-73BCD1F04FBC}.Debug|Any CPU.ActiveCfg = Debug|Any CPU
		{D245E1B3-648C-45A3-918A-73BCD1F04FBC}.Debug|Any CPU.Build.0 = Debug|Any CPU
		{D245E1B3-648C-45A3-918A-73BCD1F04FBC}.Release|Any CPU.ActiveCfg = Release|Any CPU
		{D245E1B3-648C-45A3-918A-73BCD1F04FBC}.Release|Any CPU.Build.0 = Release|Any CPU
	EndGlobalSection
	GlobalSection(SolutionProperties) = preSolution
		HideSolutionNode = FALSE
	EndGlobalSection
	GlobalSection(ExtensibilityGlobals) = postSolution
		SolutionGuid = {C8AFFD15-55CC-43CD-AB80-7B7645066933}
	EndGlobalSection
EndGlobal
