
Microsoft Visual Studio Solution File, Format Version 12.00
# Visual Studio Version 16
VisualStudioVersion = 16.0.30717.126
MinimumVisualStudioVersion = 10.0.40219.1
Project("{FAE04EC0-301F-11D3-BF4B-00C04F79EFBC}") = "Day7", "Day7.csproj", "{8280A5DB-F3C7-4B7A-8329-4914558B7DA5}"
EndProject
Global
	GlobalSection(SolutionConfigurationPlatforms) = preSolution
		Debug|Any CPU = Debug|Any CPU
		Release|Any CPU = Release|Any CPU
	EndGlobalSection
	GlobalSection(ProjectConfigurationPlatforms) = postSolution
		{8280A5DB-F3C7-4B7A-8329-4914558B7DA5}.Debug|Any CPU.ActiveCfg = Debug|Any CPU
		{8280A5DB-F3C7-4B7A-8329-4914558B7DA5}.Debug|Any CPU.Build.0 = Debug|Any CPU
		{8280A5DB-F3C7-4B7A-8329-4914558B7DA5}.Release|Any CPU.ActiveCfg = Release|Any CPU
		{8280A5DB-F3C7-4B7A-8329-4914558B7DA5}.Release|Any CPU.Build.0 = Release|Any CPU
	EndGlobalSection
	GlobalSection(SolutionProperties) = preSolution
		HideSolutionNode = FALSE
	EndGlobalSection
	GlobalSection(ExtensibilityGlobals) = postSolution
		SolutionGuid = {9E692825-D38C-4F05-B0DD-7738913D4A2B}
	EndGlobalSection
EndGlobal
