
Microsoft Visual Studio Solution File, Format Version 12.00
# Visual Studio Version 16
VisualStudioVersion = 16.0.30717.126
MinimumVisualStudioVersion = 10.0.40219.1
Project("{FAE04EC0-301F-11D3-BF4B-00C04F79EFBC}") = "Day5", "Day5.csproj", "{14597B71-FB9C-4270-87B6-85CFE8F7FC45}"
EndProject
Global
	GlobalSection(SolutionConfigurationPlatforms) = preSolution
		Debug|Any CPU = Debug|Any CPU
		Release|Any CPU = Release|Any CPU
	EndGlobalSection
	GlobalSection(ProjectConfigurationPlatforms) = postSolution
		{14597B71-FB9C-4270-87B6-85CFE8F7FC45}.Debug|Any CPU.ActiveCfg = Debug|Any CPU
		{14597B71-FB9C-4270-87B6-85CFE8F7FC45}.Debug|Any CPU.Build.0 = Debug|Any CPU
		{14597B71-FB9C-4270-87B6-85CFE8F7FC45}.Release|Any CPU.ActiveCfg = Release|Any CPU
		{14597B71-FB9C-4270-87B6-85CFE8F7FC45}.Release|Any CPU.Build.0 = Release|Any CPU
	EndGlobalSection
	GlobalSection(SolutionProperties) = preSolution
		HideSolutionNode = FALSE
	EndGlobalSection
	GlobalSection(ExtensibilityGlobals) = postSolution
		SolutionGuid = {6D1F0FE5-B4F3-41CC-808A-6CC5874EF1C5}
	EndGlobalSection
EndGlobal
